
Microsoft Visual Studio Solution File, Format Version 12.00
# Visual Studio Version 16
VisualStudioVersion = 16.0.29409.12
MinimumVisualStudioVersion = 10.0.40219.1
Project("{9A19103F-16F7-4668-BE54-9A1E7A4F7556}") = "UI", "DZ1\UI.csproj", "{D375632C-D4AE-491D-979F-ECB2F167565A}"
EndProject
Project("{FAE04EC0-301F-11D3-BF4B-00C04F79EFBC}") = "Logic", "Logic\Logic.csproj", "{2EFF0DA2-6987-48AE-B9DA-D80F594FFD3F}"
EndProject
Global
	GlobalSection(SolutionConfigurationPlatforms) = preSolution
		Debug|Any CPU = Debug|Any CPU
		Release|Any CPU = Release|Any CPU
	EndGlobalSection
	GlobalSection(ProjectConfigurationPlatforms) = postSolution
		{D375632C-D4AE-491D-979F-ECB2F167565A}.Debug|Any CPU.ActiveCfg = Debug|Any CPU
		{D375632C-D4AE-491D-979F-ECB2F167565A}.Debug|Any CPU.Build.0 = Debug|Any CPU
		{D375632C-D4AE-491D-979F-ECB2F167565A}.Release|Any CPU.ActiveCfg = Release|Any CPU
		{D375632C-D4AE-491D-979F-ECB2F167565A}.Release|Any CPU.Build.0 = Release|Any CPU
		{2EFF0DA2-6987-48AE-B9DA-D80F594FFD3F}.Debug|Any CPU.ActiveCfg = Debug|Any CPU
		{2EFF0DA2-6987-48AE-B9DA-D80F594FFD3F}.Debug|Any CPU.Build.0 = Debug|Any CPU
		{2EFF0DA2-6987-48AE-B9DA-D80F594FFD3F}.Release|Any CPU.ActiveCfg = Release|Any CPU
		{2EFF0DA2-6987-48AE-B9DA-D80F594FFD3F}.Release|Any CPU.Build.0 = Release|Any CPU
	EndGlobalSection
	GlobalSection(SolutionProperties) = preSolution
		HideSolutionNode = FALSE
	EndGlobalSection
	GlobalSection(ExtensibilityGlobals) = postSolution
		SolutionGuid = {D1E56CDE-F18D-4161-93F1-821F19193F17}
	EndGlobalSection
EndGlobal
